Microsoft Visual Studio Solution File, Format Version 12.00
# Visual Studio 15
VisualStudioVersion = 15.0.26430.6
MinimumVisualStudioVersion = 10.0.40219.1
Project("{FAE04EC0-301F-11D3-BF4B-00C04F79EFBC}") = "mac_net_test.models", "mac_net_test.models\mac_net_test.models.csproj", "{4615BDB0-C2FE-40DE-AC46-6C88FCE59AAA}"
EndProject
Project("{FAE04EC0-301F-11D3-BF4B-00C04F79EFBC}") = "mac_net_test.web", "mac_net_test.web\mac_net_test.web.csproj", "{6ACB9D38-4CE1-4E7F-B2EE-8F609409704B}"
EndProject
Global
	GlobalSection(SolutionConfigurationPlatforms) = preSolution
		Debug|Any CPU = Debug|Any CPU
		Release|Any CPU = Release|Any CPU
	EndGlobalSection
	GlobalSection(ProjectConfigurationPlatforms) = postSolution
		{4615BDB0-C2FE-40DE-AC46-6C88FCE59AAA}.Debug|Any CPU.ActiveCfg = Debug|Any CPU
		{4615BDB0-C2FE-40DE-AC46-6C88FCE59AAA}.Debug|Any CPU.Build.0 = Debug|Any CPU
		{4615BDB0-C2FE-40DE-AC46-6C88FCE59AAA}.Release|Any CPU.ActiveCfg = Release|Any CPU
		{4615BDB0-C2FE-40DE-AC46-6C88FCE59AAA}.Release|Any CPU.Build.0 = Release|Any CPU
		{6ACB9D38-4CE1-4E7F-B2EE-8F609409704B}.Debug|Any CPU.ActiveCfg = Debug|Any CPU
		{6ACB9D38-4CE1-4E7F-B2EE-8F609409704B}.Debug|Any CPU.Build.0 = Debug|Any CPU
		{6ACB9D38-4CE1-4E7F-B2EE-8F609409704B}.Release|Any CPU.ActiveCfg = Release|Any CPU
		{6ACB9D38-4CE1-4E7F-B2EE-8F609409704B}.Release|Any CPU.Build.0 = Release|Any CPU
	EndGlobalSection
	GlobalSection(SolutionProperties) = preSolution
		HideSolutionNode = FALSE
	EndGlobalSection
EndGlobal
